// !$*UTF8*$!
{
	archiveVersion = 1;
	classes = {
	};
	objectVersion = 50;
	objects = {

/* Begin PBXBuildFile section */
		4C00B0116FDE073AB65F0AE3 /* Pods_EWS.framework in Frameworks */ = {isa = PBXBuildFile; fileRef = 26CA024447C4DAC28573E023 /* Pods_EWS.framework */; };
		E1354F45225D083C00ED365E /* GoogleService-Info.plist in Resources */ = {isa = PBXBuildFile; fileRef = E1354F44225D083C00ED365E /* GoogleService-Info.plist */; };
		E1354F47225D0D9800ED365E /* CustomValidations.swift in Sources */ = {isa = PBXBuildFile; fileRef = E1354F46225D0D9800ED365E /* CustomValidations.swift */; };
		E1354F4A225D2DB700ED365E /* FirebaseManager.swift in Sources */ = {isa = PBXBuildFile; fileRef = E1354F49225D2DB700ED365E /* FirebaseManager.swift */; };
		E1550FDB225C0962003B554B /* AppDelegate.swift in Sources */ = {isa = PBXBuildFile; fileRef = E1550FDA225C0962003B554B /* AppDelegate.swift */; };
		E1550FDD225C0962003B554B /* LoginVC.swift in Sources */ = {isa = PBXBuildFile; fileRef = E1550FDC225C0962003B554B /* LoginVC.swift */; };
		E1550FE0225C0962003B554B /* Main.storyboard in Resources */ = {isa = PBXBuildFile; fileRef = E1550FDE225C0962003B554B /* Main.storyboard */; };
		E1550FE2225C0963003B554B /* Assets.xcassets in Resources */ = {isa = PBXBuildFile; fileRef = E1550FE1225C0963003B554B /* Assets.xcassets */; };
		E1550FE5225C0963003B554B /* LaunchScreen.storyboard in Resources */ = {isa = PBXBuildFile; fileRef = E1550FE3225C0963003B554B /* LaunchScreen.storyboard */; };
		E1550FF0225C17BC003B554B /* Views.swift in Sources */ = {isa = PBXBuildFile; fileRef = E1550FEF225C17BC003B554B /* Views.swift */; };
		E1550FF2225C1EAA003B554B /* SignupVC.swift in Sources */ = {isa = PBXBuildFile; fileRef = E1550FF1225C1EAA003B554B /* SignupVC.swift */; };
		E1550FF4225C1FC0003B554B /* Controllers.swift in Sources */ = {isa = PBXBuildFile; fileRef = E1550FF3225C1FC0003B554B /* Controllers.swift */; };
		E1551000225C3ECA003B554B /* CustomCells.swift in Sources */ = {isa = PBXBuildFile; fileRef = E1550FFE225C3ECA003B554B /* CustomCells.swift */; };
		E1551001225C3ECA003B554B /* FloatLabelTextField.swift in Sources */ = {isa = PBXBuildFile; fileRef = E1550FFF225C3ECA003B554B /* FloatLabelTextField.swift */; };
		E155100B225C5B1F003B554B /* SpaceTableViewCell.swift in Sources */ = {isa = PBXBuildFile; fileRef = E1551008225C5B1F003B554B /* SpaceTableViewCell.swift */; };
		E155100C225C5B1F003B554B /* SpaceTableViewCell.xib in Resources */ = {isa = PBXBuildFile; fileRef = E1551009225C5B1F003B554B /* SpaceTableViewCell.xib */; };
		E155100D225C5B1F003B554B /* SpaceCellRow.swift in Sources */ = {isa = PBXBuildFile; fileRef = E155100A225C5B1F003B554B /* SpaceCellRow.swift */; };
/* End PBXBuildFile section */

/* Begin PBXFileReference section */
		26CA024447C4DAC28573E023 /* Pods_EWS.framework */ = {isa = PBXFileReference; explicitFileType = wrapper.framework; includeInIndex = 0; path = Pods_EWS.framework; sourceTree = BUILT_PRODUCTS_DIR; };
		BA0FAF0DC3A3CCCB33861BFA /* Pods-EWS.debug.xcconfig */ = {isa = PBXFileReference; includeInIndex = 1; lastKnownFileType = text.xcconfig; name = "Pods-EWS.debug.xcconfig"; path = "Target Support Files/Pods-EWS/Pods-EWS.debug.xcconfig"; sourceTree = "<group>"; };
		DE5FB97AB8EC9284EBDEB57E /* Pods-EWS.release.xcconfig */ = {isa = PBXFileReference; includeInIndex = 1; lastKnownFileType = text.xcconfig; name = "Pods-EWS.release.xcconfig"; path = "Target Support Files/Pods-EWS/Pods-EWS.release.xcconfig"; sourceTree = "<group>"; };
		E1354F44225D083C00ED365E /* GoogleService-Info.plist */ = {isa = PBXFileReference; fileEncoding = 4; lastKnownFileType = text.plist.xml; path = "GoogleService-Info.plist"; sourceTree = "<group>"; };
		E1354F46225D0D9800ED365E /* CustomValidations.swift */ = {isa = PBXFileReference; lastKnownFileType = sourcecode.swift; path = CustomValidations.swift; sourceTree = "<group>"; };
		E1354F49225D2DB700ED365E /* FirebaseManager.swift */ = {isa = PBXFileReference; lastKnownFileType = sourcecode.swift; path = FirebaseManager.swift; sourceTree = "<group>"; };
		E1550FD7225C0962003B554B /* EWS.app */ = {isa = PBXFileReference; explicitFileType = wrapper.application; includeInIndex = 0; path = EWS.app; sourceTree = BUILT_PRODUCTS_DIR; };
		E1550FDA225C0962003B554B /* AppDelegate.swift */ = {isa = PBXFileReference; lastKnownFileType = sourcecode.swift; path = AppDelegate.swift; sourceTree = "<group>"; };
		E1550FDC225C0962003B554B /* LoginVC.swift */ = {isa = PBXFileReference; lastKnownFileType = sourcecode.swift; path = LoginVC.swift; sourceTree = "<group>"; };
		E1550FDF225C0962003B554B /* Base */ = {isa = PBXFileReference; lastKnownFileType = file.storyboard; name = Base; path = Base.lproj/Main.storyboard; sourceTree = "<group>"; };
		E1550FE1225C0963003B554B /* Assets.xcassets */ = {isa = PBXFileReference; lastKnownFileType = folder.assetcatalog; path = Assets.xcassets; sourceTree = "<group>"; };
		E1550FE4225C0963003B554B /* Base */ = {isa = PBXFileReference; lastKnownFileType = file.storyboard; name = Base; path = Base.lproj/LaunchScreen.storyboard; sourceTree = "<group>"; };
		E1550FE6225C0963003B554B /* Info.plist */ = {isa = PBXFileReference; lastKnownFileType = text.plist.xml; path = Info.plist; sourceTree = "<group>"; };
		E1550FEF225C17BC003B554B /* Views.swift */ = {isa = PBXFileReference; lastKnownFileType = sourcecode.swift; path = Views.swift; sourceTree = "<group>"; };
		E1550FF1225C1EAA003B554B /* SignupVC.swift */ = {isa = PBXFileReference; lastKnownFileType = sourcecode.swift; path = SignupVC.swift; sourceTree = "<group>"; };
		E1550FF3225C1FC0003B554B /* Controllers.swift */ = {isa = PBXFileReference; lastKnownFileType = sourcecode.swift; path = Controllers.swift; sourceTree = "<group>"; };
		E1550FFE225C3ECA003B554B /* CustomCells.swift */ = {isa = PBXFileReference; fileEncoding = 4; lastKnownFileType = sourcecode.swift; path = CustomCells.swift; sourceTree = "<group>"; };
		E1550FFF225C3ECA003B554B /* FloatLabelTextField.swift */ = {isa = PBXFileReference; fileEncoding = 4; lastKnownFileType = sourcecode.swift; path = FloatLabelTextField.swift; sourceTree = "<group>"; };
		E1551008225C5B1F003B554B /* SpaceTableViewCell.swift */ = {isa = PBXFileReference; fileEncoding = 4; lastKnownFileType = sourcecode.swift; path = SpaceTableViewCell.swift; sourceTree = "<group>"; };
		E1551009225C5B1F003B554B /* SpaceTableViewCell.xib */ = {isa = PBXFileReference; fileEncoding = 4; lastKnownFileType = file.xib; path = SpaceTableViewCell.xib; sourceTree = "<group>"; };
		E155100A225C5B1F003B554B /* SpaceCellRow.swift */ = {isa = PBXFileReference; fileEncoding = 4; lastKnownFileType = sourcecode.swift; path = SpaceCellRow.swift; sourceTree = "<group>"; };
/* End PBXFileReference section */

/* Begin PBXFrameworksBuildPhase section */
		E1550FD4225C0962003B554B /* Frameworks */ = {
			isa = PBXFrameworksBuildPhase;
			buildActionMask = 2147483647;
			files = (
				4C00B0116FDE073AB65F0AE3 /* Pods_EWS.framework in Frameworks */,
			);
			runOnlyForDeploymentPostprocessing = 0;
		};
/* End PBXFrameworksBuildPhase section */

/* Begin PBXGroup section */
		AB6729667B49191E3D26C29D /* Frameworks */ = {
			isa = PBXGroup;
			children = (
				26CA024447C4DAC28573E023 /* Pods_EWS.framework */,
			);
			name = Frameworks;
			sourceTree = "<group>";
		};
		CB19D2E04E6C89585AC049D2 /* Pods */ = {
			isa = PBXGroup;
			children = (
				BA0FAF0DC3A3CCCB33861BFA /* Pods-EWS.debug.xcconfig */,
				DE5FB97AB8EC9284EBDEB57E /* Pods-EWS.release.xcconfig */,
			);
			path = Pods;
			sourceTree = "<group>";
		};
		E1354F48225D2D5B00ED365E /* Firebase */ = {
			isa = PBXGroup;
			children = (
				E1354F49225D2DB700ED365E /* FirebaseManager.swift */,
			);
			path = Firebase;
			sourceTree = "<group>";
		};
		E1550FCE225C0962003B554B = {
			isa = PBXGroup;
			children = (
				E1550FD9225C0962003B554B /* EWS */,
				E1550FD8225C0962003B554B /* Products */,
				CB19D2E04E6C89585AC049D2 /* Pods */,
				AB6729667B49191E3D26C29D /* Frameworks */,
			);
			sourceTree = "<group>";
		};
		E1550FD8225C0962003B554B /* Products */ = {
			isa = PBXGroup;
			children = (
				E1550FD7225C0962003B554B /* EWS.app */,
			);
			name = Products;
			sourceTree = "<group>";
		};
		E1550FD9225C0962003B554B /* EWS */ = {
			isa = PBXGroup;
			children = (
				E1550FDA225C0962003B554B /* AppDelegate.swift */,
				E1550FED225C0AF9003B554B /* Storyboard */,
				E1550FEC225C0AED003B554B /* Controller */,
				E1550FEE225C178F003B554B /* Extensions */,
				E1550FFD225C3E49003B554B /* EurekaAddons */,
				E1354F48225D2D5B00ED365E /* Firebase */,
				E1550FE1225C0963003B554B /* Assets.xcassets */,
				E1550FE6225C0963003B554B /* Info.plist */,
				E1354F44225D083C00ED365E /* GoogleService-Info.plist */,
			);
			path = EWS;
			sourceTree = "<group>";
		};
		E1550FEC225C0AED003B554B /* Controller */ = {
			isa = PBXGroup;
			children = (
				E1550FDC225C0962003B554B /* LoginVC.swift */,
				E1550FF1225C1EAA003B554B /* SignupVC.swift */,
			);
			path = Controller;
			sourceTree = "<group>";
		};
		E1550FED225C0AF9003B554B /* Storyboard */ = {
			isa = PBXGroup;
			children = (
				E1550FDE225C0962003B554B /* Main.storyboard */,
				E1550FE3225C0963003B554B /* LaunchScreen.storyboard */,
			);
			path = Storyboard;
			sourceTree = "<group>";
		};
		E1550FEE225C178F003B554B /* Extensions */ = {
			isa = PBXGroup;
			children = (
				E1550FEF225C17BC003B554B /* Views.swift */,
				E1550FF3225C1FC0003B554B /* Controllers.swift */,
			);
			path = Extensions;
			sourceTree = "<group>";
		};
		E1550FFD225C3E49003B554B /* EurekaAddons */ = {
			isa = PBXGroup;
			children = (
				E1551007225C5B0E003B554B /* SpaceRows */,
				E1550FFE225C3ECA003B554B /* CustomCells.swift */,
				E1550FFF225C3ECA003B554B /* FloatLabelTextField.swift */,
				E1354F46225D0D9800ED365E /* CustomValidations.swift */,
			);
			path = EurekaAddons;
			sourceTree = "<group>";
		};
		E1551007225C5B0E003B554B /* SpaceRows */ = {
			isa = PBXGroup;
			children = (
				E155100A225C5B1F003B554B /* SpaceCellRow.swift */,
				E1551008225C5B1F003B554B /* SpaceTableViewCell.swift */,
				E1551009225C5B1F003B554B /* SpaceTableViewCell.xib */,
			);
			path = SpaceRows;
			sourceTree = "<group>";
		};
/* End PBXGroup section */

/* Begin PBXNativeTarget section */
		E1550FD6225C0962003B554B /* EWS */ = {
			isa = PBXNativeTarget;
			buildConfigurationList = E1550FE9225C0963003B554B /* Build configuration list for PBXNativeTarget "EWS" */;
			buildPhases = (
				83F2273F202B69C15ADDD867 /* [CP] Check Pods Manifest.lock */,
				E1550FD3225C0962003B554B /* Sources */,
				E1550FD4225C0962003B554B /* Frameworks */,
				E1550FD5225C0962003B554B /* Resources */,
				8156D17CBDCD4F73B2C316D8 /* [CP] Embed Pods Frameworks */,
				E1551002225C544B003B554B /* ShellScript */,
			);
			buildRules = (
			);
			dependencies = (
			);
			name = EWS;
			productName = EWS;
			productReference = E1550FD7225C0962003B554B /* EWS.app */;
			productType = "com.apple.product-type.application";
		};
/* End PBXNativeTarget section */

/* Begin PBXProject section */
		E1550FCF225C0962003B554B /* Project object */ = {
			isa = PBXProject;
			attributes = {
				LastSwiftUpdateCheck = 1020;
				LastUpgradeCheck = 1020;
				ORGANIZATIONNAME = iOSPlayground;
				TargetAttributes = {
					E1550FD6225C0962003B554B = {
						CreatedOnToolsVersion = 10.2;
					};
				};
			};
			buildConfigurationList = E1550FD2225C0962003B554B /* Build configuration list for PBXProject "EWS" */;
			compatibilityVersion = "Xcode 9.3";
			developmentRegion = en;
			hasScannedForEncodings = 0;
			knownRegions = (
				en,
				Base,
			);
			mainGroup = E1550FCE225C0962003B554B;
			productRefGroup = E1550FD8225C0962003B554B /* Products */;
			projectDirPath = "";
			projectRoot = "";
			targets = (
				E1550FD6225C0962003B554B /* EWS */,
			);
		};
/* End PBXProject section */

/* Begin PBXResourcesBuildPhase section */
		E1550FD5225C0962003B554B /* Resources */ = {
			isa = PBXResourcesBuildPhase;
			buildActionMask = 2147483647;
			files = (
				E1550FE5225C0963003B554B /* LaunchScreen.storyboard in Resources */,
				E1550FE2225C0963003B554B /* Assets.xcassets in Resources */,
				E1354F45225D083C00ED365E /* GoogleService-Info.plist in Resources */,
				E1550FE0225C0962003B554B /* Main.storyboard in Resources */,
				E155100C225C5B1F003B554B /* SpaceTableViewCell.xib in Resources */,
			);
			runOnlyForDeploymentPostprocessing = 0;
		};
/* End PBXResourcesBuildPhase section */

/* Begin PBXShellScriptBuildPhase section */
		8156D17CBDCD4F73B2C316D8 /* [CP] Embed Pods Frameworks */ = {
			isa = PBXShellScriptBuildPhase;
			buildActionMask = 2147483647;
			files = (
			);
			inputFileListPaths = (
			);
			inputPaths = (
				"${PODS_ROOT}/Target Support Files/Pods-EWS/Pods-EWS-frameworks.sh",
				"${BUILT_PRODUCTS_DIR}/Eureka/Eureka.framework",
				"${BUILT_PRODUCTS_DIR}/GTMSessionFetcher/GTMSessionFetcher.framework",
				"${BUILT_PRODUCTS_DIR}/GoogleUtilities/GoogleUtilities.framework",
				"${BUILT_PRODUCTS_DIR}/SVProgressHUD/SVProgressHUD.framework",
				"${BUILT_PRODUCTS_DIR}/leveldb-library/leveldb.framework",
				"${BUILT_PRODUCTS_DIR}/nanopb/nanopb.framework",
			);
			name = "[CP] Embed Pods Frameworks";
			outputFileListPaths = (
			);
			outputPaths = (
				"${TARGET_BUILD_DIR}/${FRAMEWORKS_FOLDER_PATH}/Eureka.framework",
				"${TARGET_BUILD_DIR}/${FRAMEWORKS_FOLDER_PATH}/GTMSessionFetcher.framework",
				"${TARGET_BUILD_DIR}/${FRAMEWORKS_FOLDER_PATH}/GoogleUtilities.framework",
				"${TARGET_BUILD_DIR}/${FRAMEWORKS_FOLDER_PATH}/SVProgressHUD.framework",
				"${TARGET_BUILD_DIR}/${FRAMEWORKS_FOLDER_PATH}/leveldb.framework",
				"${TARGET_BUILD_DIR}/${FRAMEWORKS_FOLDER_PATH}/nanopb.framework",
			);
			runOnlyForDeploymentPostprocessing = 0;
			shellPath = /bin/sh;
			shellScript = "\"${PODS_ROOT}/Target Support Files/Pods-EWS/Pods-EWS-frameworks.sh\"\n";
			showEnvVarsInLog = 0;
		};
		83F2273F202B69C15ADDD867 /* [CP] Check Pods Manifest.lock */ = {
			isa = PBXShellScriptBuildPhase;
			buildActionMask = 2147483647;
			files = (
			);
			inputFileListPaths = (
			);
			inputPaths = (
				"${PODS_PODFILE_DIR_PATH}/Podfile.lock",
				"${PODS_ROOT}/Manifest.lock",
			);
			name = "[CP] Check Pods Manifest.lock";
			outputFileListPaths = (
			);
			outputPaths = (
				"$(DERIVED_FILE_DIR)/Pods-EWS-checkManifestLockResult.txt",
			);
			runOnlyForDeploymentPostprocessing = 0;
			shellPath = /bin/sh;
			shellScript = "diff \"${PODS_PODFILE_DIR_PATH}/Podfile.lock\" \"${PODS_ROOT}/Manifest.lock\" > /dev/null\nif [ $? != 0 ] ; then\n    # print error to STDERR\n    echo \"error: The sandbox is not in sync with the Podfile.lock. Run 'pod install' or update your CocoaPods installation.\" >&2\n    exit 1\nfi\n# This output is used by Xcode 'outputs' to avoid re-running this script phase.\necho \"SUCCESS\" > \"${SCRIPT_OUTPUT_FILE_0}\"\n";
			showEnvVarsInLog = 0;
		};
		E1551002225C544B003B554B /* ShellScript */ = {
			isa = PBXShellScriptBuildPhase;
			buildActionMask = 2147483647;
			files = (
			);
			inputFileListPaths = (
			);
			inputPaths = (
				"$(BUILT_PRODUCTS_DIR)/$(INFOPLIST_PATH)",
			);
			outputFileListPaths = (
			);
			outputPaths = (
			);
			runOnlyForDeploymentPostprocessing = 0;
			shellPath = /bin/sh;
			shellScript = "\"${PODS_ROOT}/Fabric/run\"\n";
		};
/* End PBXShellScriptBuildPhase section */

/* Begin PBXSourcesBuildPhase section */
		E1550FD3225C0962003B554B /* Sources */ = {
			isa = PBXSourcesBuildPhase;
			buildActionMask = 2147483647;
			files = (
				E1551001225C3ECA003B554B /* FloatLabelTextField.swift in Sources */,
				E1550FF2225C1EAA003B554B /* SignupVC.swift in Sources */,
				E155100B225C5B1F003B554B /* SpaceTableViewCell.swift in Sources */,
				E1354F47225D0D9800ED365E /* CustomValidations.swift in Sources */,
				E1354F4A225D2DB700ED365E /* FirebaseManager.swift in Sources */,
				E155100D225C5B1F003B554B /* SpaceCellRow.swift in Sources */,
				E1550FF4225C1FC0003B554B /* Controllers.swift in Sources */,
				E1550FDD225C0962003B554B /* LoginVC.swift in Sources */,
				E1550FDB225C0962003B554B /* AppDelegate.swift in Sources */,
				E1551000225C3ECA003B554B /* CustomCells.swift in Sources */,
				E1550FF0225C17BC003B554B /* Views.swift in Sources */,
			);
			runOnlyForDeploymentPostprocessing = 0;
		};
/* End PBXSourcesBuildPhase section */

/* Begin PBXVariantGroup section */
		E1550FDE225C0962003B554B /* Main.storyboard */ = {
			isa = PBXVariantGroup;
			children = (
				E1550FDF225C0962003B554B /* Base */,
			);
			name = Main.storyboard;
			sourceTree = "<group>";
		};
		E1550FE3225C0963003B554B /* LaunchScreen.storyboard */ = {
			isa = PBXVariantGroup;
			children = (
				E1550FE4225C0963003B554B /* Base */,
			);
			name = LaunchScreen.storyboard;
			sourceTree = "<group>";
		};
/* End PBXVariantGroup section */

/* Begin XCBuildConfiguration section */
		E1550FE7225C0963003B554B /* Debug */ = {
			isa = XCBuildConfiguration;
			buildSettings = {
				ALWAYS_SEARCH_USER_PATHS = NO;
				CLANG_ANALYZER_NONNULL = YES;
				CLANG_ANALYZER_NUMBER_OBJECT_CONVERSION = YES_AGGRESSIVE;
				CLANG_CXX_LANGUAGE_STANDARD = "gnu++14";
				CLANG_CXX_LIBRARY = "libc++";
				CLANG_ENABLE_MODULES = YES;
				CLANG_ENABLE_OBJC_ARC = YES;
				CLANG_ENABLE_OBJC_WEAK = YES;
				CLANG_WARN_BLOCK_CAPTURE_AUTORELEASING = YES;
				CLANG_WARN_BOOL_CONVERSION = YES;
				CLANG_WARN_COMMA = YES;
				CLANG_WARN_CONSTANT_CONVERSION = YES;
				CLANG_WARN_DEPRECATED_OBJC_IMPLEMENTATIONS = YES;
				CLANG_WARN_DIRECT_OBJC_ISA_USAGE = YES_ERROR;
				CLANG_WARN_DOCUMENTATION_COMMENTS = YES;
				CLANG_WARN_EMPTY_BODY = YES;
				CLANG_WARN_ENUM_CONVERSION = YES;
				CLANG_WARN_INFINITE_RECURSION = YES;
				CLANG_WARN_INT_CONVERSION = YES;
				CLANG_WARN_NON_LITERAL_NULL_CONVERSION = YES;
				CLANG_WARN_OBJC_IMPLICIT_RETAIN_SELF = YES;
				CLANG_WARN_OBJC_LITERAL_CONVERSION = YES;
				CLANG_WARN_OBJC_ROOT_CLASS = YES_ERROR;
				CLANG_WARN_RANGE_LOOP_ANALYSIS = YES;
				CLANG_WARN_STRICT_PROTOTYPES = YES;
				CLANG_WARN_SUSPICIOUS_MOVE = YES;
				CLANG_WARN_UNGUARDED_AVAILABILITY = YES_AGGRESSIVE;
				CLANG_WARN_UNREACHABLE_CODE = YES;
				CLANG_WARN__DUPLICATE_METHOD_MATCH = YES;
				CODE_SIGN_IDENTITY = "iPhone Developer";
				COPY_PHASE_STRIP = NO;
				DEBUG_INFORMATION_FORMAT = dwarf;
				ENABLE_STRICT_OBJC_MSGSEND = YES;
				ENABLE_TESTABILITY = YES;
				GCC_C_LANGUAGE_STANDARD = gnu11;
				GCC_DYNAMIC_NO_PIC = NO;
				GCC_NO_COMMON_BLOCKS = YES;
				GCC_OPTIMIZATION_LEVEL = 0;
				GCC_PREPROCESSOR_DEFINITIONS = (
					"DEBUG=1",
					"$(inherited)",
				);
				GCC_WARN_64_TO_32_BIT_CONVERSION = YES;
				GCC_WARN_ABOUT_RETURN_TYPE = YES_ERROR;
				GCC_WARN_UNDECLARED_SELECTOR = YES;
				GCC_WARN_UNINITIALIZED_AUTOS = YES_AGGRESSIVE;
				GCC_WARN_UNUSED_FUNCTION = YES;
				GCC_WARN_UNUSED_VARIABLE = YES;
				IPHONEOS_DEPLOYMENT_TARGET = 12.2;
				MTL_ENABLE_DEBUG_INFO = INCLUDE_SOURCE;
				MTL_FAST_MATH = YES;
				ONLY_ACTIVE_ARCH = YES;
				SDKROOT = iphoneos;
				SWIFT_ACTIVE_COMPILATION_CONDITIONS = DEBUG;
				SWIFT_OPTIMIZATION_LEVEL = "-Onone";
			};
			name = Debug;
		};
		E1550FE8225C0963003B554B /* Release */ = {
			isa = XCBuildConfiguration;
			buildSettings = {
				ALWAYS_SEARCH_USER_PATHS = NO;
				CLANG_ANALYZER_NONNULL = YES;
				CLANG_ANALYZER_NUMBER_OBJECT_CONVERSION = YES_AGGRESSIVE;
				CLANG_CXX_LANGUAGE_STANDARD = "gnu++14";
				CLANG_CXX_LIBRARY = "libc++";
				CLANG_ENABLE_MODULES = YES;
				CLANG_ENABLE_OBJC_ARC = YES;
				CLANG_ENABLE_OBJC_WEAK = YES;
				CLANG_WARN_BLOCK_CAPTURE_AUTORELEASING = YES;
				CLANG_WARN_BOOL_CONVERSION = YES;
				CLANG_WARN_COMMA = YES;
				CLANG_WARN_CONSTANT_CONVERSION = YES;
				CLANG_WARN_DEPRECATED_OBJC_IMPLEMENTATIONS = YES;
				CLANG_WARN_DIRECT_OBJC_ISA_USAGE = YES_ERROR;
				CLANG_WARN_DOCUMENTATION_COMMENTS = YES;
				CLANG_WARN_EMPTY_BODY = YES;
				CLANG_WARN_ENUM_CONVERSION = YES;
				CLANG_WARN_INFINITE_RECURSION = YES;
				CLANG_WARN_INT_CONVERSION = YES;
				CLANG_WARN_NON_LITERAL_NULL_CONVERSION = YES;
				CLANG_WARN_OBJC_IMPLICIT_RETAIN_SELF = YES;
				CLANG_WARN_OBJC_LITERAL_CONVERSION = YES;
				CLANG_WARN_OBJC_ROOT_CLASS = YES_ERROR;
				CLANG_WARN_RANGE_LOOP_ANALYSIS = YES;
				CLANG_WARN_STRICT_PROTOTYPES = YES;
				CLANG_WARN_SUSPICIOUS_MOVE = YES;
				CLANG_WARN_UNGUARDED_AVAILABILITY = YES_AGGRESSIVE;
				CLANG_WARN_UNREACHABLE_CODE = YES;
				CLANG_WARN__DUPLICATE_METHOD_MATCH = YES;
				CODE_SIGN_IDENTITY = "iPhone Developer";
				COPY_PHASE_STRIP = NO;
				DEBUG_INFORMATION_FORMAT = "dwarf-with-dsym";
				ENABLE_NS_ASSERTIONS = NO;
				ENABLE_STRICT_OBJC_MSGSEND = YES;
				GCC_C_LANGUAGE_STANDARD = gnu11;
				GCC_NO_COMMON_BLOCKS = YES;
				GCC_WARN_64_TO_32_BIT_CONVERSION = YES;
				GCC_WARN_ABOUT_RETURN_TYPE = YES_ERROR;
				GCC_WARN_UNDECLARED_SELECTOR = YES;
				GCC_WARN_UNINITIALIZED_AUTOS = YES_AGGRESSIVE;
				GCC_WARN_UNUSED_FUNCTION = YES;
				GCC_WARN_UNUSED_VARIABLE = YES;
				IPHONEOS_DEPLOYMENT_TARGET = 12.2;
				MTL_ENABLE_DEBUG_INFO = NO;
				MTL_FAST_MATH = YES;
				SDKROOT = iphoneos;
				SWIFT_COMPILATION_MODE = wholemodule;
				SWIFT_OPTIMIZATION_LEVEL = "-O";
				VALIDATE_PRODUCT = YES;
			};
			name = Release;
		};
		E1550FEA225C0963003B554B /* Debug */ = {
			isa = XCBuildConfiguration;
			baseConfigurationReference = BA0FAF0DC3A3CCCB33861BFA /* Pods-EWS.debug.xcconfig */;
			buildSettings = {
				ASSETCATALOG_COMPILER_APPICON_NAME = AppIcon;
				CODE_SIGN_STYLE = Automatic;
				DEBUG_INFORMATION_FORMAT = "dwarf-with-dsym";
				DEVELOPMENT_TEAM = 4949F5FLDL;
				INFOPLIST_FILE = EWS/Info.plist;
				IPHONEOS_DEPLOYMENT_TARGET = 10.0;
				LD_RUNPATH_SEARCH_PATHS = (
					"$(inherited)",
					"@executable_path/Frameworks",
				);
				PRODUCT_BUNDLE_IDENTIFIER = "com.iOSPlayground.EWS-aling";
				PRODUCT_NAME = "$(TARGET_NAME)";
				SWIFT_VERSION = 5.0;
				TARGETED_DEVICE_FAMILY = 1;
			};
			name = Debug;
		};
		E1550FEB225C0963003B554B /* Release */ = {
			isa = XCBuildConfiguration;
			baseConfigurationReference = DE5FB97AB8EC9284EBDEB57E /* Pods-EWS.release.xcconfig */;
			buildSettings = {
				ASSETCATALOG_COMPILER_APPICON_NAME = AppIcon;
				CODE_SIGN_STYLE = Automatic;
				DEVELOPMENT_TEAM = 4949F5FLDL;
				INFOPLIST_FILE = EWS/Info.plist;
				IPHONEOS_DEPLOYMENT_TARGET = 10.0;
				LD_RUNPATH_SEARCH_PATHS = (
					"$(inherited)",
					"@executable_path/Frameworks",
				);
				PRODUCT_BUNDLE_IDENTIFIER = "com.iOSPlayground.EWS-aling";
				PRODUCT_NAME = "$(TARGET_NAME)";
				SWIFT_VERSION = 5.0;
				TARGETED_DEVICE_FAMILY = 1;
			};
			name = Release;
		};
/* End XCBuildConfiguration section */

/* Begin XCConfigurationList section */
		E1550FD2225C0962003B554B /* Build configuration list for PBXProject "EWS" */ = {
			isa = XCConfigurationList;
			buildConfigurations = (
				E1550FE7225C0963003B554B /* Debug */,
				E1550FE8225C0963003B554B /* Release */,
			);
			defaultConfigurationIsVisible = 0;
			defaultConfigurationName = Release;
		};
		E1550FE9225C0963003B554B /* Build configuration list for PBXNativeTarget "EWS" */ = {
			isa = XCConfigurationList;
			buildConfigurations = (
				E1550FEA225C0963003B554B /* Debug */,
				E1550FEB225C0963003B554B /* Release */,
			);
			defaultConfigurationIsVisible = 0;
			defaultConfigurationName = Release;
		};
/* End XCConfigurationList section */
	};
	rootObject = E1550FCF225C0962003B554B /* Project object */;
}
